{
    "_meta": {
        "hash": {
            "sha256": "7976342952f79c14678ca8301bd535b2b513b12390b8e7d56355046db46b8bbf"
        },
        "pipfile-spec": 6,
        "requires": {
            "python_version": "3.9"
        },
        "sources": [
            {
                "name": "pypi",
                "url": "https://pypi.python.org/simple",
                "verify_ssl": true
            }
        ]
    },
    "default": {
        "asgiref": {
            "hashes": [
                "sha256:1d2880b792ae8757289136f1db2b7b99100ce959b2aa57fd69dab783d05afac4",
                "sha256:4a29362a6acebe09bf1d6640db38c1dc3d9217c68e6f9f6204d72667fc19a424"
            ],
            "version": "==3.5.2"
        },
        "django": {
            "hashes": [
                "sha256:a67a793ff6827fd373555537dca0da293a63a316fe34cb7f367f898ccca3c3ae",
                "sha256:ca54ebedfcbc60d191391efbf02ba68fb52165b8bf6ccd6fe71f098cac1fe59e"
            ],
            "index": "pypi",
            "version": "==4.0.6"
        },
        "django-countries": {
            "hashes": [
                "sha256:0df6d34193667c2343da8935cbfb8a2bd4fb0c97baf01ac10db4628ba1557a82",
                "sha256:27fc8a0f66a87c9d839493f3926b4e0f4dd873ef66465aa8cd3e953f99758cc9"
            ],
            "index": "pypi",
            "version": "==7.3.2"
        },
        "djangorestframework": {
            "hashes": [
                "sha256:0c33407ce23acc68eca2a6e46424b008c9c02eceb8cf18581921d0092bc1f2ee",
                "sha256:24c4bf58ed7e85d1fe4ba250ab2da926d263cd57d64b03e8dcef0ac683f8b1aa"
            ],
            "index": "pypi",
            "version": "==3.13.1"
        },
        "pytz": {
            "hashes": [
                "sha256:1e760e2fe6a8163bc0b3d9a19c4f84342afa0a2affebfaa84b01b978a02ecaa7",
                "sha256:e68985985296d9a66a881eb3193b0906246245294a881e7c8afe623866ac6a5c"
            ],
            "version": "==2022.1"
        },
        "sqlparse": {
            "hashes": [
                "sha256:0c00730c74263a94e5a9919ade150dfc3b19c574389985446148402998287dae",
                "sha256:48719e356bb8b42991bdbb1e8b83223757b93789c00910a616a071910ca4a64d"
            ],
            "version": "==0.4.2"
        },
        "typing-extensions": {
            "hashes": [
                "sha256:25642c956049920a5aa49edcdd6ab1e06d7e5d467fc00e0506c44ac86fbfca02",
                "sha256:e6d2677a32f47fc7eb2795db1dd15c1f34eff616bcaf2cfb5e997f854fa1c4a6"
            ],
            "version": "==4.3.0"
        }
    },
    "develop": {}
}
